// !$*UTF8*$!
{
	archiveVersion = 1;
	classes = {
	};
	objectVersion = 54;
	objects = {

/* Begin PBXBuildFile section */
		0C80B921A6F3F58F76C31292 /* libPods-EverestPackagingCorporation.a in Frameworks */ = {isa = PBXBuildFile; fileRef = 5DCACB8F33CDC322A6C60F78 /* libPods-EverestPackagingCorporation.a */; };
		13B07FBF1A68108700A75B9A /* Images.xcassets in Resources */ = {isa = PBXBuildFile; fileRef = 13B07FB51A68108700A75B9A /* Images.xcassets */; };
		146F8576950541E2A869E8E1 /* SchibstedGrotesk-Regular.ttf in Resources */ = {isa = PBXBuildFile; fileRef = 5117E8A66F7B401E9C603561 /* SchibstedGrotesk-Regular.ttf */; };
		366539DF014444798A59F116 /* SchibstedGrotesk-Bold.ttf in Resources */ = {isa = PBXBuildFile; fileRef = 373905F5DD344844A3FF0027 /* SchibstedGrotesk-Bold.ttf */; };
		6C1DD2ECE7394EB3AD1E0521 /* SchibstedGrotesk-SemiBold.ttf in Resources */ = {isa = PBXBuildFile; fileRef = 5B59D6E6BCD84A118BBD3FEA /* SchibstedGrotesk-SemiBold.ttf */; };
		761780ED2CA45674006654EE /* AppDelegate.swift in Sources */ = {isa = PBXBuildFile; fileRef = 761780EC2CA45674006654EE /* AppDelegate.swift */; };
		81AB9BB82411601600AC10FF /* LaunchScreen.storyboard in Resources */ = {isa = PBXBuildFile; fileRef = 81AB9BB72411601600AC10FF /* LaunchScreen.storyboard */; };
		BDBFCE7371F54ADBAD5FFDD0 /* SchibstedGrotesk-ExtraBold.ttf in Resources */ = {isa = PBXBuildFile; fileRef = 590B3841CC5B4B659EB00C9A /* SchibstedGrotesk-ExtraBold.ttf */; };
		C2073BB62DFB4485946F11D2 /* SchibstedGrotesk-Black.ttf in Resources */ = {isa = PBXBuildFile; fileRef = C8E3453167394C218E9E55FF /* SchibstedGrotesk-Black.ttf */; };
		D01A8D75DA694D4EA8A5AACF /* SchibstedGrotesk-Medium.ttf in Resources */ = {isa = PBXBuildFile; fileRef = 49323313DAE448C7B8AF2878 /* SchibstedGrotesk-Medium.ttf */; };
		FCC78F61E5A38E524040D762 /* PrivacyInfo.xcprivacy in Resources */ = {isa = PBXBuildFile; fileRef = 13B07FB81A68108700A75B9A /* PrivacyInfo.xcprivacy */; };
		12E15733CB044957A8728285 /* banner.png in Resources */ = {isa = PBXBuildFile; fileRef = 03B43FDE76F04E219042DB25 /* banner.png */; };
		B80AAAB556634775A5A7B65E /* close_icon.png in Resources */ = {isa = PBXBuildFile; fileRef = 2D4339E4AD8140318AD9314F /* close_icon.png */; };
		8ABB835F223842EBA75A715B /* dark_search.png in Resources */ = {isa = PBXBuildFile; fileRef = 153DC3FD4D2B4E3A816634BA /* dark_search.png */; };
		39CD6AF7E370461AA801C1DA /* search.png in Resources */ = {isa = PBXBuildFile; fileRef = 0A9B17DB55574148B997FAA7 /* search.png */; };
		92AA3BE991F14452AE30E595 /* user.png in Resources */ = {isa = PBXBuildFile; fileRef = F44C28F0F92B4530836EBB28 /* user.png */; };
		A7DAF7BFC7324B9285926527 /* Apple.svg in Resources */ = {isa = PBXBuildFile; fileRef = C3963CAA8B4E4A9FAEC9AFA0 /* Apple.svg */; };
		49D710F95C6A4079A44F556B /* Buy.svg in Resources */ = {isa = PBXBuildFile; fileRef = 06A8BB918CC043358C4EE6C3 /* Buy.svg */; };
		9B3BC6E26AA243BE9B590E9C /* Notification.svg in Resources */ = {isa = PBXBuildFile; fileRef = C5EDBDC7F97140D383D16BB7 /* Notification.svg */; };
		CB6C63DEB9B44BFD97FB38B3 /* Paper.svg in Resources */ = {isa = PBXBuildFile; fileRef = E3A51F1DFC0E40BA97B0975B /* Paper.svg */; };
		A9A1AB43A60145DD8B363AB7 /* ApplePay.svg in Resources */ = {isa = PBXBuildFile; fileRef = 2DBC1E411A2C4836930E4125 /* ApplePay.svg */; };
		25D97DD9B4B04C618B44F3F2 /* BackIcon.svg in Resources */ = {isa = PBXBuildFile; fileRef = E37C90FC622D4ACE98206C06 /* BackIcon.svg */; };
		2F2BAAA0E43A47D993557607 /* Bags.svg in Resources */ = {isa = PBXBuildFile; fileRef = A2B045A335534166ACF94863 /* Bags.svg */; };
		B588BCE3321C42399318F2E0 /* Boxes.svg in Resources */ = {isa = PBXBuildFile; fileRef = 58417BE08DAA4452979A7CA0 /* Boxes.svg */; };
		B0544AEA101D4B458ABEAEF4 /* Camera.svg in Resources */ = {isa = PBXBuildFile; fileRef = BF8037D75A874D4DA1D6C7A6 /* Camera.svg */; };
		E8239C35679A406B966AE1E2 /* Cargo.svg in Resources */ = {isa = PBXBuildFile; fileRef = 213F605C61594B4B86EB5054 /* Cargo.svg */; };
		882F7B78D0B64C29B712CC8F /* Close.svg in Resources */ = {isa = PBXBuildFile; fileRef = 8F8541A3FC1B4EEAA1B30000 /* Close.svg */; };
		3D84FAE739F749389748CC39 /* CreditCard.svg in Resources */ = {isa = PBXBuildFile; fileRef = B7EF7D5E0845403D9DCBD420 /* CreditCard.svg */; };
		435A69343D71404289956C86 /* Delivered.svg in Resources */ = {isa = PBXBuildFile; fileRef = 2DF165E800FF4D5394243022 /* Delivered.svg */; };
		A4F73AB37CDF43E5A00E3255 /* Economy.svg in Resources */ = {isa = PBXBuildFile; fileRef = 3E2F5E5BDEDF4101B842DCE6 /* Economy.svg */; };
		077D571A9145496FADFAD1F4 /* Eye.svg in Resources */ = {isa = PBXBuildFile; fileRef = 2A82D9301F4B4B40838567CB /* Eye.svg */; };
		07A1F1AF908142C4BCFF5B3E /* EyeOpen.svg in Resources */ = {isa = PBXBuildFile; fileRef = 8B7C04CDE8B1435399C14FFD /* EyeOpen.svg */; };
		973F483AF9DD45C3AE14E42F /* Facebook.svg in Resources */ = {isa = PBXBuildFile; fileRef = 15E1C42E9EEB4B38AA56485E /* Facebook.svg */; };
		3C5CF161C73348B0BDB2091A /* FriendsHouse.svg in Resources */ = {isa = PBXBuildFile; fileRef = 985378BAB194496B85DAF7F0 /* FriendsHouse.svg */; };
		9AA785627CC449E8A871A3CD /* Google.svg in Resources */ = {isa = PBXBuildFile; fileRef = F8C42E2C511B43549C9BC444 /* Google.svg */; };
		C781C538F7EF423E9B3426BF /* InProgress.svg in Resources */ = {isa = PBXBuildFile; fileRef = 1F3CD78838964A0BB803006B /* InProgress.svg */; };
		BE6720DF5DAF4505B029ABF0 /* OrderPlaced.svg in Resources */ = {isa = PBXBuildFile; fileRef = 35AC6914F7BF4FD9BDE42657 /* OrderPlaced.svg */; };
		A9422592737046719B339345 /* Password_Hide.svg in Resources */ = {isa = PBXBuildFile; fileRef = 9A67B6C808DC43F5B4166840 /* Password_Hide.svg */; };
		0755CEC79F854322B29BEFA8 /* PayPal.svg in Resources */ = {isa = PBXBuildFile; fileRef = 8142EDB3B9064551B077F87E /* PayPal.svg */; };
		91E10969CC6E4D1ABCF05BC0 /* Regular.svg in Resources */ = {isa = PBXBuildFile; fileRef = 499889AF85AD448CBF87FB96 /* Regular.svg */; };
		C237EE8126584E5DBB7750EA /* Search.svg in Resources */ = {isa = PBXBuildFile; fileRef = F2763C1B1A1644FCB09FDFF9 /* Search.svg */; };
		7CBA191633364ECE9A467FB5 /* Shipped.svg in Resources */ = {isa = PBXBuildFile; fileRef = 96E4E7C44E2A42389392C4FE /* Shipped.svg */; };
		7CEA0038D6E848DE9EF0CB87 /* Star.svg in Resources */ = {isa = PBXBuildFile; fileRef = 0C6543BB7C1A46D9AE284635 /* Star.svg */; };
		17F0EDD7FBF04758A5729073 /* TShirt.svg in Resources */ = {isa = PBXBuildFile; fileRef = 28AC09197CE548B08270A59D /* TShirt.svg */; };
		F3F47F8C33464536964CAEB2 /* Tapes.svg in Resources */ = {isa = PBXBuildFile; fileRef = 1D4AC02CC8D540F0A0AA98DD /* Tapes.svg */; };
		A3E23CC4D6FA40D0ADDC4E56 /* Poppins-Black.ttf in Resources */ = {isa = PBXBuildFile; fileRef = A4B737B2E4504121B4A81467 /* Poppins-Black.ttf */; };
		C72038EEFC0442868288C128 /* Poppins-Bold.ttf in Resources */ = {isa = PBXBuildFile; fileRef = 125E599295EB40F4B891D598 /* Poppins-Bold.ttf */; };
		CE24302E54A1408F89F07325 /* Poppins-ExtraBold.ttf in Resources */ = {isa = PBXBuildFile; fileRef = 518B92F02D124FFBA03744D7 /* Poppins-ExtraBold.ttf */; };
		469CB4DD738F4671A5BDF3B8 /* Poppins-Light.ttf in Resources */ = {isa = PBXBuildFile; fileRef = 1EED967F8900498C8EEF810C /* Poppins-Light.ttf */; };
		533296C6E10E424488B67098 /* Poppins-Medium.ttf in Resources */ = {isa = PBXBuildFile; fileRef = 50F1FD9BAFF746CAAEA3B2C1 /* Poppins-Medium.ttf */; };
		3F858EF9BB7145F4AEB034B7 /* Poppins-Regular.ttf in Resources */ = {isa = PBXBuildFile; fileRef = 661EBB52B2EA4452983DC286 /* Poppins-Regular.ttf */; };
		9C22CCED0FC9400987E46C8D /* Poppins-SemiBold.ttf in Resources */ = {isa = PBXBuildFile; fileRef = DEF7A58B41194BD3B90AFABE /* Poppins-SemiBold.ttf */; };
		8A5FF2BB82A1482CAE9DB391 /* Poppins-Thin.ttf in Resources */ = {isa = PBXBuildFile; fileRef = D1D00C7286BE4EF4ADCA9AC1 /* Poppins-Thin.ttf */; };
		F238C1E47ECE46D4BC45574E /* placeholder.png in Resources */ = {isa = PBXBuildFile; fileRef = 8826308B3B494DA9A069A93E /* placeholder.png */; };
		C6AC586B97FA40F19A89F533 /* AccountDetails.svg in Resources */ = {isa = PBXBuildFile; fileRef = D38FDB23ADD54C60A5171DA4 /* AccountDetails.svg */; };
		37E5E7B398FA4AA4A2106D2B /* Addresses.svg in Resources */ = {isa = PBXBuildFile; fileRef = 23464F519C0D4E2894FDD16A /* Addresses.svg */; };
		588BFF47FDA249EB8504835C /* BulkOrder.svg in Resources */ = {isa = PBXBuildFile; fileRef = 4CE3292B88114FB9B7C2354C /* BulkOrder.svg */; };
		A66B753AC2C74960A0363BB1 /* Category.svg in Resources */ = {isa = PBXBuildFile; fileRef = 9558C4D9FB03409CB3FFEBA4 /* Category.svg */; };
		18AB594F80294A09B242E07C /* CheckSquare.svg in Resources */ = {isa = PBXBuildFile; fileRef = B50F01FD070341FD96B28838 /* CheckSquare.svg */; };
		478FF5BA2F3F4B8984CFA9BC /* Communication.svg in Resources */ = {isa = PBXBuildFile; fileRef = CAF23FC2C0B248CE8754B004 /* Communication.svg */; };
		AD00B33858294230A1D3C3A4 /* Dashboard.svg in Resources */ = {isa = PBXBuildFile; fileRef = 69A89EE803A840DBB578C91D /* Dashboard.svg */; };
		9812710876E24E1DB04D7038 /* Edit.svg in Resources */ = {isa = PBXBuildFile; fileRef = 7DFDC13262E04AE6886B6663 /* Edit.svg */; };
		B882A43D6DA943C380BC5BFC /* Filter.svg in Resources */ = {isa = PBXBuildFile; fileRef = C38F6C2B0A814D78B9FA13FD /* Filter.svg */; };
		EB4C9B66ABC44E98BB376B71 /* Heart.svg in Resources */ = {isa = PBXBuildFile; fileRef = B54D23F9ED084B35A0F0480D /* Heart.svg */; };
		C654B5AE23F549078E8D0CC0 /* Home.svg in Resources */ = {isa = PBXBuildFile; fileRef = C259C556DB3E477693C35AF5 /* Home.svg */; };
		38FF7A29F63E46BDBAC7E650 /* Invoices.svg in Resources */ = {isa = PBXBuildFile; fileRef = 59C2303B6FA9493CB7A5C8E5 /* Invoices.svg */; };
		39EFBE49E10A488D96FAA153 /* Location.svg in Resources */ = {isa = PBXBuildFile; fileRef = F4E1483ADDB64C7C99739E39 /* Location.svg */; };
		7B3E378CA8B64C53B1CCDA80 /* Logout.svg in Resources */ = {isa = PBXBuildFile; fileRef = E841174AC6B844A6949857E1 /* Logout.svg */; };
		B33B648DE02C422CB239BB45 /* NotSelectedRadioButton.svg in Resources */ = {isa = PBXBuildFile; fileRef = 2B977DC96DB5443FBD178C62 /* NotSelectedRadioButton.svg */; };
		C5E11E4C66F3427DAF22F82A /* Orders.svg in Resources */ = {isa = PBXBuildFile; fileRef = E806748FB6F3491F9AE4C9BC /* Orders.svg */; };
		5953253A36834A539D5C7690 /* Profile.svg in Resources */ = {isa = PBXBuildFile; fileRef = A9333EE00AC446778C7F8F93 /* Profile.svg */; };
		8DF4636A26CC4A8CB48B0DBE /* RightArrow.svg in Resources */ = {isa = PBXBuildFile; fileRef = 2BA25BA664D841D19A8E42FB /* RightArrow.svg */; };
		59A997FD2AAF43EBA9F8B305 /* SelectedRadioButton.svg in Resources */ = {isa = PBXBuildFile; fileRef = 08D29304745B4159B70D4E5C /* SelectedRadioButton.svg */; };
		F9A59DAA13794FB990665BC9 /* SendMessage.svg in Resources */ = {isa = PBXBuildFile; fileRef = 28D2045C119A4531A22AE857 /* SendMessage.svg */; };
		1F56A5E883F7484A9FD257FB /* Shop.svg in Resources */ = {isa = PBXBuildFile; fileRef = A36A4222A52A4B848AB94A70 /* Shop.svg */; };
		09DB868BCFF84EEDBA22C8BF /* UncheckSquare.svg in Resources */ = {isa = PBXBuildFile; fileRef = 47EFAF1EEB164E53AB212888 /* UncheckSquare.svg */; };
		CC8325FD08A54ED6B9DF4D0E /* Menu.svg in Resources */ = {isa = PBXBuildFile; fileRef = 4A3731EC66D74F81B759CE6C /* Menu.svg */; };
		78F63C9A9F6F47C2B23AA550 /* index.ts in Resources */ = {isa = PBXBuildFile; fileRef = C63FE1063CF7413B9CB58FDC /* index.ts */; };
		4DE84E9B50E341F49CBB724B /* logo.png in Resources */ = {isa = PBXBuildFile; fileRef = AF5E6E1F13CB4F0185D9D77F /* logo.png */; };
/* End PBXBuildFile section */

/* Begin PBXFileReference section */
		13B07F961A680F5B00A75B9A /* EverestPackagingCorporation.app */ = {isa = PBXFileReference; explicitFileType = wrapper.application; includeInIndex = 0; path = EverestPackagingCorporation.app; sourceTree = BUILT_PRODUCTS_DIR; };
		13B07FB51A68108700A75B9A /* Images.xcassets */ = {isa = PBXFileReference; lastKnownFileType = folder.assetcatalog; name = Images.xcassets; path = EverestPackagingCorporation/Images.xcassets; sourceTree = "<group>"; };
		13B07FB61A68108700A75B9A /* Info.plist */ = {isa = PBXFileReference; fileEncoding = 4; lastKnownFileType = text.plist.xml; name = Info.plist; path = EverestPackagingCorporation/Info.plist; sourceTree = "<group>"; };
		13B07FB81A68108700A75B9A /* PrivacyInfo.xcprivacy */ = {isa = PBXFileReference; fileEncoding = 4; lastKnownFileType = text.plist.xml; name = PrivacyInfo.xcprivacy; path = EverestPackagingCorporation/PrivacyInfo.xcprivacy; sourceTree = "<group>"; };
		373905F5DD344844A3FF0027 /* SchibstedGrotesk-Bold.ttf */ = {isa = PBXFileReference; explicitFileType = undefined; fileEncoding = 9; includeInIndex = 0; lastKnownFileType = unknown; name = "SchibstedGrotesk-Bold.ttf"; path = "../assets/fonts/SchibstedGrotesk-Bold.ttf"; sourceTree = "<group>"; };
		3B4392A12AC88292D35C810B /* Pods-EverestPackagingCorporation.debug.xcconfig */ = {isa = PBXFileReference; includeInIndex = 1; lastKnownFileType = text.xcconfig; name = "Pods-EverestPackagingCorporation.debug.xcconfig"; path = "Target Support Files/Pods-EverestPackagingCorporation/Pods-EverestPackagingCorporation.debug.xcconfig"; sourceTree = "<group>"; };
		49323313DAE448C7B8AF2878 /* SchibstedGrotesk-Medium.ttf */ = {isa = PBXFileReference; explicitFileType = undefined; fileEncoding = 9; includeInIndex = 0; lastKnownFileType = unknown; name = "SchibstedGrotesk-Medium.ttf"; path = "../assets/fonts/SchibstedGrotesk-Medium.ttf"; sourceTree = "<group>"; };
		5117E8A66F7B401E9C603561 /* SchibstedGrotesk-Regular.ttf */ = {isa = PBXFileReference; explicitFileType = undefined; fileEncoding = 9; includeInIndex = 0; lastKnownFileType = unknown; name = "SchibstedGrotesk-Regular.ttf"; path = "../assets/fonts/SchibstedGrotesk-Regular.ttf"; sourceTree = "<group>"; };
		5709B34CF0A7D63546082F79 /* Pods-EverestPackagingCorporation.release.xcconfig */ = {isa = PBXFileReference; includeInIndex = 1; lastKnownFileType = text.xcconfig; name = "Pods-EverestPackagingCorporation.release.xcconfig"; path = "Target Support Files/Pods-EverestPackagingCorporation/Pods-EverestPackagingCorporation.release.xcconfig"; sourceTree = "<group>"; };
		590B3841CC5B4B659EB00C9A /* SchibstedGrotesk-ExtraBold.ttf */ = {isa = PBXFileReference; explicitFileType = undefined; fileEncoding = 9; includeInIndex = 0; lastKnownFileType = unknown; name = "SchibstedGrotesk-ExtraBold.ttf"; path = "../assets/fonts/SchibstedGrotesk-ExtraBold.ttf"; sourceTree = "<group>"; };
		5B59D6E6BCD84A118BBD3FEA /* SchibstedGrotesk-SemiBold.ttf */ = {isa = PBXFileReference; explicitFileType = undefined; fileEncoding = 9; includeInIndex = 0; lastKnownFileType = unknown; name = "SchibstedGrotesk-SemiBold.ttf"; path = "../assets/fonts/SchibstedGrotesk-SemiBold.ttf"; sourceTree = "<group>"; };
		5DCACB8F33CDC322A6C60F78 /* libPods-EverestPackagingCorporation.a */ = {isa = PBXFileReference; explicitFileType = archive.ar; includeInIndex = 0; path = "libPods-EverestPackagingCorporation.a"; sourceTree = BUILT_PRODUCTS_DIR; };
		761780EC2CA45674006654EE /* AppDelegate.swift */ = {isa = PBXFileReference; lastKnownFileType = sourcecode.swift; name = AppDelegate.swift; path = EverestPackagingCorporation/AppDelegate.swift; sourceTree = "<group>"; };
		81AB9BB72411601600AC10FF /* LaunchScreen.storyboard */ = {isa = PBXFileReference; fileEncoding = 4; lastKnownFileType = file.storyboard; name = LaunchScreen.storyboard; path = EverestPackagingCorporation/LaunchScreen.storyboard; sourceTree = "<group>"; };
		C8E3453167394C218E9E55FF /* SchibstedGrotesk-Black.ttf */ = {isa = PBXFileReference; explicitFileType = undefined; fileEncoding = 9; includeInIndex = 0; lastKnownFileType = unknown; name = "SchibstedGrotesk-Black.ttf"; path = "../assets/fonts/SchibstedGrotesk-Black.ttf"; sourceTree = "<group>"; };
		ED297162215061F000B7C4FE /* JavaScriptCore.framework */ = {isa = PBXFileReference; lastKnownFileType = wrapper.framework; name = JavaScriptCore.framework; path = System/Library/Frameworks/JavaScriptCore.framework; sourceTree = SDKROOT; };
		03B43FDE76F04E219042DB25 /* banner.png */ = {isa = PBXFileReference; name = "banner.png"; path = "../assets/images/banner.png"; sourceTree = "<group>"; fileEncoding = undefined; lastKnownFileType = unknown; explicitFileType = undefined; includeInIndex = 0; };
		2D4339E4AD8140318AD9314F /* close_icon.png */ = {isa = PBXFileReference; name = "close_icon.png"; path = "../assets/images/close_icon.png"; sourceTree = "<group>"; fileEncoding = undefined; lastKnownFileType = unknown; explicitFileType = undefined; includeInIndex = 0; };
		153DC3FD4D2B4E3A816634BA /* dark_search.png */ = {isa = PBXFileReference; name = "dark_search.png"; path = "../assets/images/dark_search.png"; sourceTree = "<group>"; fileEncoding = undefined; lastKnownFileType = unknown; explicitFileType = undefined; includeInIndex = 0; };
		0A9B17DB55574148B997FAA7 /* search.png */ = {isa = PBXFileReference; name = "search.png"; path = "../assets/images/search.png"; sourceTree = "<group>"; fileEncoding = undefined; lastKnownFileType = unknown; explicitFileType = undefined; includeInIndex = 0; };
		F44C28F0F92B4530836EBB28 /* user.png */ = {isa = PBXFileReference; name = "user.png"; path = "../assets/images/user.png"; sourceTree = "<group>"; fileEncoding = undefined; lastKnownFileType = unknown; explicitFileType = undefined; includeInIndex = 0; };
		C3963CAA8B4E4A9FAEC9AFA0 /* Apple.svg */ = {isa = PBXFileReference; name = "Apple.svg"; path = "../assets/icons/Apple.svg"; sourceTree = "<group>"; fileEncoding = undefined; lastKnownFileType = unknown; explicitFileType = undefined; includeInIndex = 0; };
		06A8BB918CC043358C4EE6C3 /* Buy.svg */ = {isa = PBXFileReference; name = "Buy.svg"; path = "../assets/icons/Buy.svg"; sourceTree = "<group>"; fileEncoding = undefined; lastKnownFileType = unknown; explicitFileType = undefined; includeInIndex = 0; };
		C5EDBDC7F97140D383D16BB7 /* Notification.svg */ = {isa = PBXFileReference; name = "Notification.svg"; path = "../assets/icons/Notification.svg"; sourceTree = "<group>"; fileEncoding = undefined; lastKnownFileType = unknown; explicitFileType = undefined; includeInIndex = 0; };
		E3A51F1DFC0E40BA97B0975B /* Paper.svg */ = {isa = PBXFileReference; name = "Paper.svg"; path = "../assets/icons/Paper.svg"; sourceTree = "<group>"; fileEncoding = undefined; lastKnownFileType = unknown; explicitFileType = undefined; includeInIndex = 0; };
		2DBC1E411A2C4836930E4125 /* ApplePay.svg */ = {isa = PBXFileReference; name = "ApplePay.svg"; path = "../assets/icons/ApplePay.svg"; sourceTree = "<group>"; fileEncoding = undefined; lastKnownFileType = unknown; explicitFileType = undefined; includeInIndex = 0; };
		E37C90FC622D4ACE98206C06 /* BackIcon.svg */ = {isa = PBXFileReference; name = "BackIcon.svg"; path = "../assets/icons/BackIcon.svg"; sourceTree = "<group>"; fileEncoding = undefined; lastKnownFileType = unknown; explicitFileType = undefined; includeInIndex = 0; };
		A2B045A335534166ACF94863 /* Bags.svg */ = {isa = PBXFileReference; name = "Bags.svg"; path = "../assets/icons/Bags.svg"; sourceTree = "<group>"; fileEncoding = undefined; lastKnownFileType = unknown; explicitFileType = undefined; includeInIndex = 0; };
		58417BE08DAA4452979A7CA0 /* Boxes.svg */ = {isa = PBXFileReference; name = "Boxes.svg"; path = "../assets/icons/Boxes.svg"; sourceTree = "<group>"; fileEncoding = undefined; lastKnownFileType = unknown; explicitFileType = undefined; includeInIndex = 0; };
		BF8037D75A874D4DA1D6C7A6 /* Camera.svg */ = {isa = PBXFileReference; name = "Camera.svg"; path = "../assets/icons/Camera.svg"; sourceTree = "<group>"; fileEncoding = undefined; lastKnownFileType = unknown; explicitFileType = undefined; includeInIndex = 0; };
		213F605C61594B4B86EB5054 /* Cargo.svg */ = {isa = PBXFileReference; name = "Cargo.svg"; path = "../assets/icons/Cargo.svg"; sourceTree = "<group>"; fileEncoding = undefined; lastKnownFileType = unknown; explicitFileType = undefined; includeInIndex = 0; };
		8F8541A3FC1B4EEAA1B30000 /* Close.svg */ = {isa = PBXFileReference; name = "Close.svg"; path = "../assets/icons/Close.svg"; sourceTree = "<group>"; fileEncoding = undefined; lastKnownFileType = unknown; explicitFileType = undefined; includeInIndex = 0; };
		B7EF7D5E0845403D9DCBD420 /* CreditCard.svg */ = {isa = PBXFileReference; name = "CreditCard.svg"; path = "../assets/icons/CreditCard.svg"; sourceTree = "<group>"; fileEncoding = undefined; lastKnownFileType = unknown; explicitFileType = undefined; includeInIndex = 0; };
		2DF165E800FF4D5394243022 /* Delivered.svg */ = {isa = PBXFileReference; name = "Delivered.svg"; path = "../assets/icons/Delivered.svg"; sourceTree = "<group>"; fileEncoding = undefined; lastKnownFileType = unknown; explicitFileType = undefined; includeInIndex = 0; };
		3E2F5E5BDEDF4101B842DCE6 /* Economy.svg */ = {isa = PBXFileReference; name = "Economy.svg"; path = "../assets/icons/Economy.svg"; sourceTree = "<group>"; fileEncoding = undefined; lastKnownFileType = unknown; explicitFileType = undefined; includeInIndex = 0; };
		2A82D9301F4B4B40838567CB /* Eye.svg */ = {isa = PBXFileReference; name = "Eye.svg"; path = "../assets/icons/Eye.svg"; sourceTree = "<group>"; fileEncoding = undefined; lastKnownFileType = unknown; explicitFileType = undefined; includeInIndex = 0; };
		8B7C04CDE8B1435399C14FFD /* EyeOpen.svg */ = {isa = PBXFileReference; name = "EyeOpen.svg"; path = "../assets/icons/EyeOpen.svg"; sourceTree = "<group>"; fileEncoding = undefined; lastKnownFileType = unknown; explicitFileType = undefined; includeInIndex = 0; };
		15E1C42E9EEB4B38AA56485E /* Facebook.svg */ = {isa = PBXFileReference; name = "Facebook.svg"; path = "../assets/icons/Facebook.svg"; sourceTree = "<group>"; fileEncoding = undefined; lastKnownFileType = unknown; explicitFileType = undefined; includeInIndex = 0; };
		985378BAB194496B85DAF7F0 /* FriendsHouse.svg */ = {isa = PBXFileReference; name = "FriendsHouse.svg"; path = "../assets/icons/FriendsHouse.svg"; sourceTree = "<group>"; fileEncoding = undefined; lastKnownFileType = unknown; explicitFileType = undefined; includeInIndex = 0; };
		F8C42E2C511B43549C9BC444 /* Google.svg */ = {isa = PBXFileReference; name = "Google.svg"; path = "../assets/icons/Google.svg"; sourceTree = "<group>"; fileEncoding = undefined; lastKnownFileType = unknown; explicitFileType = undefined; includeInIndex = 0; };
		1F3CD78838964A0BB803006B /* InProgress.svg */ = {isa = PBXFileReference; name = "InProgress.svg"; path = "../assets/icons/InProgress.svg"; sourceTree = "<group>"; fileEncoding = undefined; lastKnownFileType = unknown; explicitFileType = undefined; includeInIndex = 0; };
		35AC6914F7BF4FD9BDE42657 /* OrderPlaced.svg */ = {isa = PBXFileReference; name = "OrderPlaced.svg"; path = "../assets/icons/OrderPlaced.svg"; sourceTree = "<group>"; fileEncoding = undefined; lastKnownFileType = unknown; explicitFileType = undefined; includeInIndex = 0; };
		9A67B6C808DC43F5B4166840 /* Password_Hide.svg */ = {isa = PBXFileReference; name = "Password_Hide.svg"; path = "../assets/icons/Password_Hide.svg"; sourceTree = "<group>"; fileEncoding = undefined; lastKnownFileType = unknown; explicitFileType = undefined; includeInIndex = 0; };
		8142EDB3B9064551B077F87E /* PayPal.svg */ = {isa = PBXFileReference; name = "PayPal.svg"; path = "../assets/icons/PayPal.svg"; sourceTree = "<group>"; fileEncoding = undefined; lastKnownFileType = unknown; explicitFileType = undefined; includeInIndex = 0; };
		499889AF85AD448CBF87FB96 /* Regular.svg */ = {isa = PBXFileReference; name = "Regular.svg"; path = "../assets/icons/Regular.svg"; sourceTree = "<group>"; fileEncoding = undefined; lastKnownFileType = unknown; explicitFileType = undefined; includeInIndex = 0; };
		F2763C1B1A1644FCB09FDFF9 /* Search.svg */ = {isa = PBXFileReference; name = "Search.svg"; path = "../assets/icons/Search.svg"; sourceTree = "<group>"; fileEncoding = undefined; lastKnownFileType = unknown; explicitFileType = undefined; includeInIndex = 0; };
		96E4E7C44E2A42389392C4FE /* Shipped.svg */ = {isa = PBXFileReference; name = "Shipped.svg"; path = "../assets/icons/Shipped.svg"; sourceTree = "<group>"; fileEncoding = undefined; lastKnownFileType = unknown; explicitFileType = undefined; includeInIndex = 0; };
		0C6543BB7C1A46D9AE284635 /* Star.svg */ = {isa = PBXFileReference; name = "Star.svg"; path = "../assets/icons/Star.svg"; sourceTree = "<group>"; fileEncoding = undefined; lastKnownFileType = unknown; explicitFileType = undefined; includeInIndex = 0; };
		28AC09197CE548B08270A59D /* TShirt.svg */ = {isa = PBXFileReference; name = "TShirt.svg"; path = "../assets/icons/TShirt.svg"; sourceTree = "<group>"; fileEncoding = undefined; lastKnownFileType = unknown; explicitFileType = undefined; includeInIndex = 0; };
		1D4AC02CC8D540F0A0AA98DD /* Tapes.svg */ = {isa = PBXFileReference; name = "Tapes.svg"; path = "../assets/icons/Tapes.svg"; sourceTree = "<group>"; fileEncoding = undefined; lastKnownFileType = unknown; explicitFileType = undefined; includeInIndex = 0; };
		A4B737B2E4504121B4A81467 /* Poppins-Black.ttf */ = {isa = PBXFileReference; name = "Poppins-Black.ttf"; path = "../assets/fonts/Poppins/Poppins-Black.ttf"; sourceTree = "<group>"; fileEncoding = undefined; lastKnownFileType = unknown; explicitFileType = undefined; includeInIndex = 0; };
		125E599295EB40F4B891D598 /* Poppins-Bold.ttf */ = {isa = PBXFileReference; name = "Poppins-Bold.ttf"; path = "../assets/fonts/Poppins/Poppins-Bold.ttf"; sourceTree = "<group>"; fileEncoding = undefined; lastKnownFileType = unknown; explicitFileType = undefined; includeInIndex = 0; };
		518B92F02D124FFBA03744D7 /* Poppins-ExtraBold.ttf */ = {isa = PBXFileReference; name = "Poppins-ExtraBold.ttf"; path = "../assets/fonts/Poppins/Poppins-ExtraBold.ttf"; sourceTree = "<group>"; fileEncoding = undefined; lastKnownFileType = unknown; explicitFileType = undefined; includeInIndex = 0; };
		1EED967F8900498C8EEF810C /* Poppins-Light.ttf */ = {isa = PBXFileReference; name = "Poppins-Light.ttf"; path = "../assets/fonts/Poppins/Poppins-Light.ttf"; sourceTree = "<group>"; fileEncoding = undefined; lastKnownFileType = unknown; explicitFileType = undefined; includeInIndex = 0; };
		50F1FD9BAFF746CAAEA3B2C1 /* Poppins-Medium.ttf */ = {isa = PBXFileReference; name = "Poppins-Medium.ttf"; path = "../assets/fonts/Poppins/Poppins-Medium.ttf"; sourceTree = "<group>"; fileEncoding = undefined; lastKnownFileType = unknown; explicitFileType = undefined; includeInIndex = 0; };
		661EBB52B2EA4452983DC286 /* Poppins-Regular.ttf */ = {isa = PBXFileReference; name = "Poppins-Regular.ttf"; path = "../assets/fonts/Poppins/Poppins-Regular.ttf"; sourceTree = "<group>"; fileEncoding = undefined; lastKnownFileType = unknown; explicitFileType = undefined; includeInIndex = 0; };
		DEF7A58B41194BD3B90AFABE /* Poppins-SemiBold.ttf */ = {isa = PBXFileReference; name = "Poppins-SemiBold.ttf"; path = "../assets/fonts/Poppins/Poppins-SemiBold.ttf"; sourceTree = "<group>"; fileEncoding = undefined; lastKnownFileType = unknown; explicitFileType = undefined; includeInIndex = 0; };
		D1D00C7286BE4EF4ADCA9AC1 /* Poppins-Thin.ttf */ = {isa = PBXFileReference; name = "Poppins-Thin.ttf"; path = "../assets/fonts/Poppins/Poppins-Thin.ttf"; sourceTree = "<group>"; fileEncoding = undefined; lastKnownFileType = unknown; explicitFileType = undefined; includeInIndex = 0; };
		8826308B3B494DA9A069A93E /* placeholder.png */ = {isa = PBXFileReference; name = "placeholder.png"; path = "../assets/images/placeholder.png"; sourceTree = "<group>"; fileEncoding = undefined; lastKnownFileType = unknown; explicitFileType = undefined; includeInIndex = 0; };
		D38FDB23ADD54C60A5171DA4 /* AccountDetails.svg */ = {isa = PBXFileReference; name = "AccountDetails.svg"; path = "../assets/icons/AccountDetails.svg"; sourceTree = "<group>"; fileEncoding = undefined; lastKnownFileType = unknown; explicitFileType = undefined; includeInIndex = 0; };
		23464F519C0D4E2894FDD16A /* Addresses.svg */ = {isa = PBXFileReference; name = "Addresses.svg"; path = "../assets/icons/Addresses.svg"; sourceTree = "<group>"; fileEncoding = undefined; lastKnownFileType = unknown; explicitFileType = undefined; includeInIndex = 0; };
		4CE3292B88114FB9B7C2354C /* BulkOrder.svg */ = {isa = PBXFileReference; name = "BulkOrder.svg"; path = "../assets/icons/BulkOrder.svg"; sourceTree = "<group>"; fileEncoding = undefined; lastKnownFileType = unknown; explicitFileType = undefined; includeInIndex = 0; };
		9558C4D9FB03409CB3FFEBA4 /* Category.svg */ = {isa = PBXFileReference; name = "Category.svg"; path = "../assets/icons/Category.svg"; sourceTree = "<group>"; fileEncoding = undefined; lastKnownFileType = unknown; explicitFileType = undefined; includeInIndex = 0; };
		B50F01FD070341FD96B28838 /* CheckSquare.svg */ = {isa = PBXFileReference; name = "CheckSquare.svg"; path = "../assets/icons/CheckSquare.svg"; sourceTree = "<group>"; fileEncoding = undefined; lastKnownFileType = unknown; explicitFileType = undefined; includeInIndex = 0; };
		CAF23FC2C0B248CE8754B004 /* Communication.svg */ = {isa = PBXFileReference; name = "Communication.svg"; path = "../assets/icons/Communication.svg"; sourceTree = "<group>"; fileEncoding = undefined; lastKnownFileType = unknown; explicitFileType = undefined; includeInIndex = 0; };
		69A89EE803A840DBB578C91D /* Dashboard.svg */ = {isa = PBXFileReference; name = "Dashboard.svg"; path = "../assets/icons/Dashboard.svg"; sourceTree = "<group>"; fileEncoding = undefined; lastKnownFileType = unknown; explicitFileType = undefined; includeInIndex = 0; };
		7DFDC13262E04AE6886B6663 /* Edit.svg */ = {isa = PBXFileReference; name = "Edit.svg"; path = "../assets/icons/Edit.svg"; sourceTree = "<group>"; fileEncoding = undefined; lastKnownFileType = unknown; explicitFileType = undefined; includeInIndex = 0; };
		C38F6C2B0A814D78B9FA13FD /* Filter.svg */ = {isa = PBXFileReference; name = "Filter.svg"; path = "../assets/icons/Filter.svg"; sourceTree = "<group>"; fileEncoding = undefined; lastKnownFileType = unknown; explicitFileType = undefined; includeInIndex = 0; };
		B54D23F9ED084B35A0F0480D /* Heart.svg */ = {isa = PBXFileReference; name = "Heart.svg"; path = "../assets/icons/Heart.svg"; sourceTree = "<group>"; fileEncoding = undefined; lastKnownFileType = unknown; explicitFileType = undefined; includeInIndex = 0; };
		C259C556DB3E477693C35AF5 /* Home.svg */ = {isa = PBXFileReference; name = "Home.svg"; path = "../assets/icons/Home.svg"; sourceTree = "<group>"; fileEncoding = undefined; lastKnownFileType = unknown; explicitFileType = undefined; includeInIndex = 0; };
		59C2303B6FA9493CB7A5C8E5 /* Invoices.svg */ = {isa = PBXFileReference; name = "Invoices.svg"; path = "../assets/icons/Invoices.svg"; sourceTree = "<group>"; fileEncoding = undefined; lastKnownFileType = unknown; explicitFileType = undefined; includeInIndex = 0; };
		F4E1483ADDB64C7C99739E39 /* Location.svg */ = {isa = PBXFileReference; name = "Location.svg"; path = "../assets/icons/Location.svg"; sourceTree = "<group>"; fileEncoding = undefined; lastKnownFileType = unknown; explicitFileType = undefined; includeInIndex = 0; };
		E841174AC6B844A6949857E1 /* Logout.svg */ = {isa = PBXFileReference; name = "Logout.svg"; path = "../assets/icons/Logout.svg"; sourceTree = "<group>"; fileEncoding = undefined; lastKnownFileType = unknown; explicitFileType = undefined; includeInIndex = 0; };
		2B977DC96DB5443FBD178C62 /* NotSelectedRadioButton.svg */ = {isa = PBXFileReference; name = "NotSelectedRadioButton.svg"; path = "../assets/icons/NotSelectedRadioButton.svg"; sourceTree = "<group>"; fileEncoding = undefined; lastKnownFileType = unknown; explicitFileType = undefined; includeInIndex = 0; };
		E806748FB6F3491F9AE4C9BC /* Orders.svg */ = {isa = PBXFileReference; name = "Orders.svg"; path = "../assets/icons/Orders.svg"; sourceTree = "<group>"; fileEncoding = undefined; lastKnownFileType = unknown; explicitFileType = undefined; includeInIndex = 0; };
		A9333EE00AC446778C7F8F93 /* Profile.svg */ = {isa = PBXFileReference; name = "Profile.svg"; path = "../assets/icons/Profile.svg"; sourceTree = "<group>"; fileEncoding = undefined; lastKnownFileType = unknown; explicitFileType = undefined; includeInIndex = 0; };
		2BA25BA664D841D19A8E42FB /* RightArrow.svg */ = {isa = PBXFileReference; name = "RightArrow.svg"; path = "../assets/icons/RightArrow.svg"; sourceTree = "<group>"; fileEncoding = undefined; lastKnownFileType = unknown; explicitFileType = undefined; includeInIndex = 0; };
		08D29304745B4159B70D4E5C /* SelectedRadioButton.svg */ = {isa = PBXFileReference; name = "SelectedRadioButton.svg"; path = "../assets/icons/SelectedRadioButton.svg"; sourceTree = "<group>"; fileEncoding = undefined; lastKnownFileType = unknown; explicitFileType = undefined; includeInIndex = 0; };
		28D2045C119A4531A22AE857 /* SendMessage.svg */ = {isa = PBXFileReference; name = "SendMessage.svg"; path = "../assets/icons/SendMessage.svg"; sourceTree = "<group>"; fileEncoding = undefined; lastKnownFileType = unknown; explicitFileType = undefined; includeInIndex = 0; };
		A36A4222A52A4B848AB94A70 /* Shop.svg */ = {isa = PBXFileReference; name = "Shop.svg"; path = "../assets/icons/Shop.svg"; sourceTree = "<group>"; fileEncoding = undefined; lastKnownFileType = unknown; explicitFileType = undefined; includeInIndex = 0; };
		47EFAF1EEB164E53AB212888 /* UncheckSquare.svg */ = {isa = PBXFileReference; name = "UncheckSquare.svg"; path = "../assets/icons/UncheckSquare.svg"; sourceTree = "<group>"; fileEncoding = undefined; lastKnownFileType = unknown; explicitFileType = undefined; includeInIndex = 0; };
		4A3731EC66D74F81B759CE6C /* Menu.svg */ = {isa = PBXFileReference; name = "Menu.svg"; path = "../assets/icons/Menu.svg"; sourceTree = "<group>"; fileEncoding = undefined; lastKnownFileType = unknown; explicitFileType = undefined; includeInIndex = 0; };
		C63FE1063CF7413B9CB58FDC /* index.ts */ = {isa = PBXFileReference; name = "index.ts"; path = "../assets/icons/index.ts"; sourceTree = "<group>"; fileEncoding = undefined; lastKnownFileType = unknown; explicitFileType = undefined; includeInIndex = 0; };
		AF5E6E1F13CB4F0185D9D77F /* logo.png */ = {isa = PBXFileReference; name = "logo.png"; path = "../assets/images/logo.png"; sourceTree = "<group>"; fileEncoding = undefined; lastKnownFileType = unknown; explicitFileType = undefined; includeInIndex = 0; };
/* End PBXFileReference section */

/* Begin PBXFrameworksBuildPhase section */
		13B07F8C1A680F5B00A75B9A /* Frameworks */ = {
			isa = PBXFrameworksBuildPhase;
			buildActionMask = 2147483647;
			files = (
				0C80B921A6F3F58F76C31292 /* libPods-EverestPackagingCorporation.a in Frameworks */,
			);
			runOnlyForDeploymentPostprocessing = 0;
		};
/* End PBXFrameworksBuildPhase section */

/* Begin PBXGroup section */
		0B3CEDCDA0154EE4B84111A4 /* Resources */ = {
			isa = PBXGroup;
			children = (
				C8E3453167394C218E9E55FF /* SchibstedGrotesk-Black.ttf */,
				373905F5DD344844A3FF0027 /* SchibstedGrotesk-Bold.ttf */,
				590B3841CC5B4B659EB00C9A /* SchibstedGrotesk-ExtraBold.ttf */,
				49323313DAE448C7B8AF2878 /* SchibstedGrotesk-Medium.ttf */,
				5117E8A66F7B401E9C603561 /* SchibstedGrotesk-Regular.ttf */,
				5B59D6E6BCD84A118BBD3FEA /* SchibstedGrotesk-SemiBold.ttf */,
				03B43FDE76F04E219042DB25 /* banner.png */,
				2D4339E4AD8140318AD9314F /* close_icon.png */,
				153DC3FD4D2B4E3A816634BA /* dark_search.png */,
				0A9B17DB55574148B997FAA7 /* search.png */,
				F44C28F0F92B4530836EBB28 /* user.png */,
				C3963CAA8B4E4A9FAEC9AFA0 /* Apple.svg */,
				06A8BB918CC043358C4EE6C3 /* Buy.svg */,
				C5EDBDC7F97140D383D16BB7 /* Notification.svg */,
				E3A51F1DFC0E40BA97B0975B /* Paper.svg */,
				2DBC1E411A2C4836930E4125 /* ApplePay.svg */,
				E37C90FC622D4ACE98206C06 /* BackIcon.svg */,
				A2B045A335534166ACF94863 /* Bags.svg */,
				58417BE08DAA4452979A7CA0 /* Boxes.svg */,
				BF8037D75A874D4DA1D6C7A6 /* Camera.svg */,
				213F605C61594B4B86EB5054 /* Cargo.svg */,
				8F8541A3FC1B4EEAA1B30000 /* Close.svg */,
				B7EF7D5E0845403D9DCBD420 /* CreditCard.svg */,
				2DF165E800FF4D5394243022 /* Delivered.svg */,
				3E2F5E5BDEDF4101B842DCE6 /* Economy.svg */,
				2A82D9301F4B4B40838567CB /* Eye.svg */,
				8B7C04CDE8B1435399C14FFD /* EyeOpen.svg */,
				15E1C42E9EEB4B38AA56485E /* Facebook.svg */,
				985378BAB194496B85DAF7F0 /* FriendsHouse.svg */,
				F8C42E2C511B43549C9BC444 /* Google.svg */,
				1F3CD78838964A0BB803006B /* InProgress.svg */,
				35AC6914F7BF4FD9BDE42657 /* OrderPlaced.svg */,
				9A67B6C808DC43F5B4166840 /* Password_Hide.svg */,
				8142EDB3B9064551B077F87E /* PayPal.svg */,
				499889AF85AD448CBF87FB96 /* Regular.svg */,
				F2763C1B1A1644FCB09FDFF9 /* Search.svg */,
				96E4E7C44E2A42389392C4FE /* Shipped.svg */,
				0C6543BB7C1A46D9AE284635 /* Star.svg */,
				28AC09197CE548B08270A59D /* TShirt.svg */,
				1D4AC02CC8D540F0A0AA98DD /* Tapes.svg */,
				A4B737B2E4504121B4A81467 /* Poppins-Black.ttf */,
				125E599295EB40F4B891D598 /* Poppins-Bold.ttf */,
				518B92F02D124FFBA03744D7 /* Poppins-ExtraBold.ttf */,
				1EED967F8900498C8EEF810C /* Poppins-Light.ttf */,
				50F1FD9BAFF746CAAEA3B2C1 /* Poppins-Medium.ttf */,
				661EBB52B2EA4452983DC286 /* Poppins-Regular.ttf */,
				DEF7A58B41194BD3B90AFABE /* Poppins-SemiBold.ttf */,
				D1D00C7286BE4EF4ADCA9AC1 /* Poppins-Thin.ttf */,
				8826308B3B494DA9A069A93E /* placeholder.png */,
				D38FDB23ADD54C60A5171DA4 /* AccountDetails.svg */,
				23464F519C0D4E2894FDD16A /* Addresses.svg */,
				4CE3292B88114FB9B7C2354C /* BulkOrder.svg */,
				9558C4D9FB03409CB3FFEBA4 /* Category.svg */,
				B50F01FD070341FD96B28838 /* CheckSquare.svg */,
				CAF23FC2C0B248CE8754B004 /* Communication.svg */,
				69A89EE803A840DBB578C91D /* Dashboard.svg */,
				7DFDC13262E04AE6886B6663 /* Edit.svg */,
				C38F6C2B0A814D78B9FA13FD /* Filter.svg */,
				B54D23F9ED084B35A0F0480D /* Heart.svg */,
				C259C556DB3E477693C35AF5 /* Home.svg */,
				59C2303B6FA9493CB7A5C8E5 /* Invoices.svg */,
				F4E1483ADDB64C7C99739E39 /* Location.svg */,
				E841174AC6B844A6949857E1 /* Logout.svg */,
				2B977DC96DB5443FBD178C62 /* NotSelectedRadioButton.svg */,
				E806748FB6F3491F9AE4C9BC /* Orders.svg */,
				A9333EE00AC446778C7F8F93 /* Profile.svg */,
				2BA25BA664D841D19A8E42FB /* RightArrow.svg */,
				08D29304745B4159B70D4E5C /* SelectedRadioButton.svg */,
				28D2045C119A4531A22AE857 /* SendMessage.svg */,
				A36A4222A52A4B848AB94A70 /* Shop.svg */,
				47EFAF1EEB164E53AB212888 /* UncheckSquare.svg */,
				4A3731EC66D74F81B759CE6C /* Menu.svg */,
				C63FE1063CF7413B9CB58FDC /* index.ts */,
				AF5E6E1F13CB4F0185D9D77F /* logo.png */,
			);
			name = Resources;
			sourceTree = "<group>";
		};
		13B07FAE1A68108700A75B9A /* EverestPackagingCorporation */ = {
			isa = PBXGroup;
			children = (
				13B07FB51A68108700A75B9A /* Images.xcassets */,
				761780EC2CA45674006654EE /* AppDelegate.swift */,
				13B07FB61A68108700A75B9A /* Info.plist */,
				81AB9BB72411601600AC10FF /* LaunchScreen.storyboard */,
				13B07FB81A68108700A75B9A /* PrivacyInfo.xcprivacy */,
			);
			name = EverestPackagingCorporation;
			sourceTree = "<group>";
		};
		2D16E6871FA4F8E400B85C8A /* Frameworks */ = {
			isa = PBXGroup;
			children = (
				ED297162215061F000B7C4FE /* JavaScriptCore.framework */,
				5DCACB8F33CDC322A6C60F78 /* libPods-EverestPackagingCorporation.a */,
			);
			name = Frameworks;
			sourceTree = "<group>";
		};
		832341AE1AAA6A7D00B99B32 /* Libraries */ = {
			isa = PBXGroup;
			children = (
			);
			name = Libraries;
			sourceTree = "<group>";
		};
		83CBB9F61A601CBA00E9B192 = {
			isa = PBXGroup;
			children = (
				13B07FAE1A68108700A75B9A /* EverestPackagingCorporation */,
				832341AE1AAA6A7D00B99B32 /* Libraries */,
				83CBBA001A601CBA00E9B192 /* Products */,
				2D16E6871FA4F8E400B85C8A /* Frameworks */,
				BBD78D7AC51CEA395F1C20DB /* Pods */,
				0B3CEDCDA0154EE4B84111A4 /* Resources */,
			);
			indentWidth = 2;
			sourceTree = "<group>";
			tabWidth = 2;
			usesTabs = 0;
		};
		83CBBA001A601CBA00E9B192 /* Products */ = {
			isa = PBXGroup;
			children = (
				13B07F961A680F5B00A75B9A /* EverestPackagingCorporation.app */,
			);
			name = Products;
			sourceTree = "<group>";
		};
		BBD78D7AC51CEA395F1C20DB /* Pods */ = {
			isa = PBXGroup;
			children = (
				3B4392A12AC88292D35C810B /* Pods-EverestPackagingCorporation.debug.xcconfig */,
				5709B34CF0A7D63546082F79 /* Pods-EverestPackagingCorporation.release.xcconfig */,
			);
			path = Pods;
			sourceTree = "<group>";
		};
/* End PBXGroup section */

/* Begin PBXNativeTarget section */
		13B07F861A680F5B00A75B9A /* EverestPackagingCorporation */ = {
			isa = PBXNativeTarget;
			buildConfigurationList = 13B07F931A680F5B00A75B9A /* Build configuration list for PBXNativeTarget "EverestPackagingCorporation" */;
			buildPhases = (
				C38B50BA6285516D6DCD4F65 /* [CP] Check Pods Manifest.lock */,
				13B07F871A680F5B00A75B9A /* Sources */,
				13B07F8C1A680F5B00A75B9A /* Frameworks */,
				13B07F8E1A680F5B00A75B9A /* Resources */,
				00DD1BFF1BD5951E006B06BC /* Bundle React Native code and images */,
				00EEFC60759A1932668264C0 /* [CP] Embed Pods Frameworks */,
				E235C05ADACE081382539298 /* [CP] Copy Pods Resources */,
			);
			buildRules = (
			);
			dependencies = (
			);
			name = EverestPackagingCorporation;
			productName = EverestPackagingCorporation;
			productReference = 13B07F961A680F5B00A75B9A /* EverestPackagingCorporation.app */;
			productType = "com.apple.product-type.application";
		};
/* End PBXNativeTarget section */

/* Begin PBXProject section */
		83CBB9F71A601CBA00E9B192 /* Project object */ = {
			isa = PBXProject;
			attributes = {
				LastUpgradeCheck = 1210;
				TargetAttributes = {
					13B07F861A680F5B00A75B9A = {
						LastSwiftMigration = 1120;
					};
				};
			};
			buildConfigurationList = 83CBB9FA1A601CBA00E9B192 /* Build configuration list for PBXProject "EverestPackagingCorporation" */;
			compatibilityVersion = "Xcode 12.0";
			developmentRegion = en;
			hasScannedForEncodings = 0;
			knownRegions = (
				en,
				Base,
			);
			mainGroup = 83CBB9F61A601CBA00E9B192;
			productRefGroup = 83CBBA001A601CBA00E9B192 /* Products */;
			projectDirPath = "";
			projectRoot = "";
			targets = (
				13B07F861A680F5B00A75B9A /* EverestPackagingCorporation */,
			);
		};
/* End PBXProject section */

/* Begin PBXResourcesBuildPhase section */
		13B07F8E1A680F5B00A75B9A /* Resources */ = {
			isa = PBXResourcesBuildPhase;
			buildActionMask = 2147483647;
			files = (
				81AB9BB82411601600AC10FF /* LaunchScreen.storyboard in Resources */,
				13B07FBF1A68108700A75B9A /* Images.xcassets in Resources */,
				FCC78F61E5A38E524040D762 /* PrivacyInfo.xcprivacy in Resources */,
				C2073BB62DFB4485946F11D2 /* SchibstedGrotesk-Black.ttf in Resources */,
				366539DF014444798A59F116 /* SchibstedGrotesk-Bold.ttf in Resources */,
				BDBFCE7371F54ADBAD5FFDD0 /* SchibstedGrotesk-ExtraBold.ttf in Resources */,
				D01A8D75DA694D4EA8A5AACF /* SchibstedGrotesk-Medium.ttf in Resources */,
				146F8576950541E2A869E8E1 /* SchibstedGrotesk-Regular.ttf in Resources */,
				6C1DD2ECE7394EB3AD1E0521 /* SchibstedGrotesk-SemiBold.ttf in Resources */,
				12E15733CB044957A8728285 /* banner.png in Resources */,
				B80AAAB556634775A5A7B65E /* close_icon.png in Resources */,
				8ABB835F223842EBA75A715B /* dark_search.png in Resources */,
				39CD6AF7E370461AA801C1DA /* search.png in Resources */,
				92AA3BE991F14452AE30E595 /* user.png in Resources */,
				A7DAF7BFC7324B9285926527 /* Apple.svg in Resources */,
				49D710F95C6A4079A44F556B /* Buy.svg in Resources */,
				9B3BC6E26AA243BE9B590E9C /* Notification.svg in Resources */,
				CB6C63DEB9B44BFD97FB38B3 /* Paper.svg in Resources */,
				A9A1AB43A60145DD8B363AB7 /* ApplePay.svg in Resources */,
				25D97DD9B4B04C618B44F3F2 /* BackIcon.svg in Resources */,
				2F2BAAA0E43A47D993557607 /* Bags.svg in Resources */,
				B588BCE3321C42399318F2E0 /* Boxes.svg in Resources */,
				B0544AEA101D4B458ABEAEF4 /* Camera.svg in Resources */,
				E8239C35679A406B966AE1E2 /* Cargo.svg in Resources */,
				882F7B78D0B64C29B712CC8F /* Close.svg in Resources */,
				3D84FAE739F749389748CC39 /* CreditCard.svg in Resources */,
				435A69343D71404289956C86 /* Delivered.svg in Resources */,
				A4F73AB37CDF43E5A00E3255 /* Economy.svg in Resources */,
				077D571A9145496FADFAD1F4 /* Eye.svg in Resources */,
				07A1F1AF908142C4BCFF5B3E /* EyeOpen.svg in Resources */,
				973F483AF9DD45C3AE14E42F /* Facebook.svg in Resources */,
				3C5CF161C73348B0BDB2091A /* FriendsHouse.svg in Resources */,
				9AA785627CC449E8A871A3CD /* Google.svg in Resources */,
				C781C538F7EF423E9B3426BF /* InProgress.svg in Resources */,
				BE6720DF5DAF4505B029ABF0 /* OrderPlaced.svg in Resources */,
				A9422592737046719B339345 /* Password_Hide.svg in Resources */,
				0755CEC79F854322B29BEFA8 /* PayPal.svg in Resources */,
				91E10969CC6E4D1ABCF05BC0 /* Regular.svg in Resources */,
				C237EE8126584E5DBB7750EA /* Search.svg in Resources */,
				7CBA191633364ECE9A467FB5 /* Shipped.svg in Resources */,
				7CEA0038D6E848DE9EF0CB87 /* Star.svg in Resources */,
				17F0EDD7FBF04758A5729073 /* TShirt.svg in Resources */,
				F3F47F8C33464536964CAEB2 /* Tapes.svg in Resources */,
				A3E23CC4D6FA40D0ADDC4E56 /* Poppins-Black.ttf in Resources */,
				C72038EEFC0442868288C128 /* Poppins-Bold.ttf in Resources */,
				CE24302E54A1408F89F07325 /* Poppins-ExtraBold.ttf in Resources */,
				469CB4DD738F4671A5BDF3B8 /* Poppins-Light.ttf in Resources */,
				533296C6E10E424488B67098 /* Poppins-Medium.ttf in Resources */,
				3F858EF9BB7145F4AEB034B7 /* Poppins-Regular.ttf in Resources */,
				9C22CCED0FC9400987E46C8D /* Poppins-SemiBold.ttf in Resources */,
				8A5FF2BB82A1482CAE9DB391 /* Poppins-Thin.ttf in Resources */,
				F238C1E47ECE46D4BC45574E /* placeholder.png in Resources */,
				C6AC586B97FA40F19A89F533 /* AccountDetails.svg in Resources */,
				37E5E7B398FA4AA4A2106D2B /* Addresses.svg in Resources */,
				588BFF47FDA249EB8504835C /* BulkOrder.svg in Resources */,
				A66B753AC2C74960A0363BB1 /* Category.svg in Resources */,
				18AB594F80294A09B242E07C /* CheckSquare.svg in Resources */,
				478FF5BA2F3F4B8984CFA9BC /* Communication.svg in Resources */,
				AD00B33858294230A1D3C3A4 /* Dashboard.svg in Resources */,
				9812710876E24E1DB04D7038 /* Edit.svg in Resources */,
				B882A43D6DA943C380BC5BFC /* Filter.svg in Resources */,
				EB4C9B66ABC44E98BB376B71 /* Heart.svg in Resources */,
				C654B5AE23F549078E8D0CC0 /* Home.svg in Resources */,
				38FF7A29F63E46BDBAC7E650 /* Invoices.svg in Resources */,
				39EFBE49E10A488D96FAA153 /* Location.svg in Resources */,
				7B3E378CA8B64C53B1CCDA80 /* Logout.svg in Resources */,
				B33B648DE02C422CB239BB45 /* NotSelectedRadioButton.svg in Resources */,
				C5E11E4C66F3427DAF22F82A /* Orders.svg in Resources */,
				5953253A36834A539D5C7690 /* Profile.svg in Resources */,
				8DF4636A26CC4A8CB48B0DBE /* RightArrow.svg in Resources */,
				59A997FD2AAF43EBA9F8B305 /* SelectedRadioButton.svg in Resources */,
				F9A59DAA13794FB990665BC9 /* SendMessage.svg in Resources */,
				1F56A5E883F7484A9FD257FB /* Shop.svg in Resources */,
				09DB868BCFF84EEDBA22C8BF /* UncheckSquare.svg in Resources */,
				CC8325FD08A54ED6B9DF4D0E /* Menu.svg in Resources */,
				78F63C9A9F6F47C2B23AA550 /* index.ts in Resources */,
				4DE84E9B50E341F49CBB724B /* logo.png in Resources */,
			);
			runOnlyForDeploymentPostprocessing = 0;
		};
/* End PBXResourcesBuildPhase section */

/* Begin PBXShellScriptBuildPhase section */
		00DD1BFF1BD5951E006B06BC /* Bundle React Native code and images */ = {
			isa = PBXShellScriptBuildPhase;
			buildActionMask = 2147483647;
			files = (
			);
			inputPaths = (
				"$(SRCROOT)/.xcode.env.local",
				"$(SRCROOT)/.xcode.env",
			);
			name = "Bundle React Native code and images";
			outputPaths = (
			);
			runOnlyForDeploymentPostprocessing = 0;
			shellPath = /bin/sh;
			shellScript = "set -e\n\nWITH_ENVIRONMENT=\"$REACT_NATIVE_PATH/scripts/xcode/with-environment.sh\"\nREACT_NATIVE_XCODE=\"$REACT_NATIVE_PATH/scripts/react-native-xcode.sh\"\n\n/bin/sh -c \"$WITH_ENVIRONMENT $REACT_NATIVE_XCODE\"\n";
		};
		00EEFC60759A1932668264C0 /* [CP] Embed Pods Frameworks */ = {
			isa = PBXShellScriptBuildPhase;
			buildActionMask = 2147483647;
			files = (
			);
			inputFileListPaths = (
				"${PODS_ROOT}/Target Support Files/Pods-EverestPackagingCorporation/Pods-EverestPackagingCorporation-frameworks-${CONFIGURATION}-input-files.xcfilelist",
			);
			name = "[CP] Embed Pods Frameworks";
			outputFileListPaths = (
				"${PODS_ROOT}/Target Support Files/Pods-EverestPackagingCorporation/Pods-EverestPackagingCorporation-frameworks-${CONFIGURATION}-output-files.xcfilelist",
			);
			runOnlyForDeploymentPostprocessing = 0;
			shellPath = /bin/sh;
			shellScript = "\"${PODS_ROOT}/Target Support Files/Pods-EverestPackagingCorporation/Pods-EverestPackagingCorporation-frameworks.sh\"\n";
			showEnvVarsInLog = 0;
		};
		C38B50BA6285516D6DCD4F65 /* [CP] Check Pods Manifest.lock */ = {
			isa = PBXShellScriptBuildPhase;
			buildActionMask = 2147483647;
			files = (
			);
			inputFileListPaths = (
			);
			inputPaths = (
				"${PODS_PODFILE_DIR_PATH}/Podfile.lock",
				"${PODS_ROOT}/Manifest.lock",
			);
			name = "[CP] Check Pods Manifest.lock";
			outputFileListPaths = (
			);
			outputPaths = (
				"$(DERIVED_FILE_DIR)/Pods-EverestPackagingCorporation-checkManifestLockResult.txt",
			);
			runOnlyForDeploymentPostprocessing = 0;
			shellPath = /bin/sh;
			shellScript = "diff \"${PODS_PODFILE_DIR_PATH}/Podfile.lock\" \"${PODS_ROOT}/Manifest.lock\" > /dev/null\nif [ $? != 0 ] ; then\n    # print error to STDERR\n    echo \"error: The sandbox is not in sync with the Podfile.lock. Run 'pod install' or update your CocoaPods installation.\" >&2\n    exit 1\nfi\n# This output is used by Xcode 'outputs' to avoid re-running this script phase.\necho \"SUCCESS\" > \"${SCRIPT_OUTPUT_FILE_0}\"\n";
			showEnvVarsInLog = 0;
		};
		E235C05ADACE081382539298 /* [CP] Copy Pods Resources */ = {
			isa = PBXShellScriptBuildPhase;
			buildActionMask = 2147483647;
			files = (
			);
			inputFileListPaths = (
				"${PODS_ROOT}/Target Support Files/Pods-EverestPackagingCorporation/Pods-EverestPackagingCorporation-resources-${CONFIGURATION}-input-files.xcfilelist",
			);
			name = "[CP] Copy Pods Resources";
			outputFileListPaths = (
				"${PODS_ROOT}/Target Support Files/Pods-EverestPackagingCorporation/Pods-EverestPackagingCorporation-resources-${CONFIGURATION}-output-files.xcfilelist",
			);
			runOnlyForDeploymentPostprocessing = 0;
			shellPath = /bin/sh;
			shellScript = "\"${PODS_ROOT}/Target Support Files/Pods-EverestPackagingCorporation/Pods-EverestPackagingCorporation-resources.sh\"\n";
			showEnvVarsInLog = 0;
		};
/* End PBXShellScriptBuildPhase section */

/* Begin PBXSourcesBuildPhase section */
		13B07F871A680F5B00A75B9A /* Sources */ = {
			isa = PBXSourcesBuildPhase;
			buildActionMask = 2147483647;
			files = (
				761780ED2CA45674006654EE /* AppDelegate.swift in Sources */,
			);
			runOnlyForDeploymentPostprocessing = 0;
		};
/* End PBXSourcesBuildPhase section */

/* Begin XCBuildConfiguration section */
		13B07F941A680F5B00A75B9A /* Debug */ = {
			isa = XCBuildConfiguration;
			baseConfigurationReference = 3B4392A12AC88292D35C810B /* Pods-EverestPackagingCorporation.debug.xcconfig */;
			buildSettings = {
				ASSETCATALOG_COMPILER_APPICON_NAME = AppIcon;
				CLANG_ENABLE_MODULES = YES;
				CURRENT_PROJECT_VERSION = 1;
				DEVELOPMENT_TEAM = BPVNMF56F8;
				ENABLE_BITCODE = NO;
				INFOPLIST_FILE = EverestPackagingCorporation/Info.plist;
				IPHONEOS_DEPLOYMENT_TARGET = 15.1;
				LD_RUNPATH_SEARCH_PATHS = (
					"$(inherited)",
					"@executable_path/Frameworks",
				);
				MARKETING_VERSION = 1.0;
				OTHER_LDFLAGS = (
					"$(inherited)",
					"-ObjC",
					"-lc++",
				);
				PRODUCT_BUNDLE_IDENTIFIER = "org.reactjs.native.example.$(PRODUCT_NAME:rfc1034identifier)";
				PRODUCT_NAME = EverestPackagingCorporation;
				SWIFT_OPTIMIZATION_LEVEL = "-Onone";
				SWIFT_VERSION = 5.0;
				VERSIONING_SYSTEM = "apple-generic";
			};
			name = Debug;
		};
		13B07F951A680F5B00A75B9A /* Release */ = {
			isa = XCBuildConfiguration;
			baseConfigurationReference = 5709B34CF0A7D63546082F79 /* Pods-EverestPackagingCorporation.release.xcconfig */;
			buildSettings = {
				ASSETCATALOG_COMPILER_APPICON_NAME = AppIcon;
				CLANG_ENABLE_MODULES = YES;
				CURRENT_PROJECT_VERSION = 1;
				DEVELOPMENT_TEAM = BPVNMF56F8;
				INFOPLIST_FILE = EverestPackagingCorporation/Info.plist;
				IPHONEOS_DEPLOYMENT_TARGET = 15.1;
				LD_RUNPATH_SEARCH_PATHS = (
					"$(inherited)",
					"@executable_path/Frameworks",
				);
				MARKETING_VERSION = 1.0;
				OTHER_LDFLAGS = (
					"$(inherited)",
					"-ObjC",
					"-lc++",
				);
				PRODUCT_BUNDLE_IDENTIFIER = "org.reactjs.native.example.$(PRODUCT_NAME:rfc1034identifier)";
				PRODUCT_NAME = EverestPackagingCorporation;
				SWIFT_VERSION = 5.0;
				VERSIONING_SYSTEM = "apple-generic";
			};
			name = Release;
		};
		83CBBA201A601CBA00E9B192 /* Debug */ = {
			isa = XCBuildConfiguration;
			buildSettings = {
				ALWAYS_SEARCH_USER_PATHS = NO;
				CLANG_ANALYZER_LOCALIZABILITY_NONLOCALIZED = YES;
				CLANG_CXX_LANGUAGE_STANDARD = "c++20";
				CLANG_CXX_LIBRARY = "libc++";
				CLANG_ENABLE_MODULES = YES;
				CLANG_ENABLE_OBJC_ARC = YES;
				CLANG_WARN_BLOCK_CAPTURE_AUTORELEASING = YES;
				CLANG_WARN_BOOL_CONVERSION = YES;
				CLANG_WARN_COMMA = YES;
				CLANG_WARN_CONSTANT_CONVERSION = YES;
				CLANG_WARN_DEPRECATED_OBJC_IMPLEMENTATIONS = YES;
				CLANG_WARN_DIRECT_OBJC_ISA_USAGE = YES_ERROR;
				CLANG_WARN_EMPTY_BODY = YES;
				CLANG_WARN_ENUM_CONVERSION = YES;
				CLANG_WARN_INFINITE_RECURSION = YES;
				CLANG_WARN_INT_CONVERSION = YES;
				CLANG_WARN_NON_LITERAL_NULL_CONVERSION = YES;
				CLANG_WARN_OBJC_IMPLICIT_RETAIN_SELF = YES;
				CLANG_WARN_OBJC_LITERAL_CONVERSION = YES;
				CLANG_WARN_OBJC_ROOT_CLASS = YES_ERROR;
				CLANG_WARN_QUOTED_INCLUDE_IN_FRAMEWORK_HEADER = YES;
				CLANG_WARN_RANGE_LOOP_ANALYSIS = YES;
				CLANG_WARN_STRICT_PROTOTYPES = YES;
				CLANG_WARN_SUSPICIOUS_MOVE = YES;
				CLANG_WARN_UNREACHABLE_CODE = YES;
				CLANG_WARN__DUPLICATE_METHOD_MATCH = YES;
				"CODE_SIGN_IDENTITY[sdk=iphoneos*]" = "iPhone Developer";
				COPY_PHASE_STRIP = NO;
				ENABLE_STRICT_OBJC_MSGSEND = YES;
				ENABLE_TESTABILITY = YES;
				"EXCLUDED_ARCHS[sdk=iphonesimulator*]" = "";
				GCC_C_LANGUAGE_STANDARD = gnu99;
				GCC_DYNAMIC_NO_PIC = NO;
				GCC_NO_COMMON_BLOCKS = YES;
				GCC_OPTIMIZATION_LEVEL = 0;
				GCC_PREPROCESSOR_DEFINITIONS = (
					"DEBUG=1",
					"$(inherited)",
				);
				GCC_SYMBOLS_PRIVATE_EXTERN = NO;
				GCC_WARN_64_TO_32_BIT_CONVERSION = YES;
				GCC_WARN_ABOUT_RETURN_TYPE = YES_ERROR;
				GCC_WARN_UNDECLARED_SELECTOR = YES;
				GCC_WARN_UNINITIALIZED_AUTOS = YES_AGGRESSIVE;
				GCC_WARN_UNUSED_FUNCTION = YES;
				GCC_WARN_UNUSED_VARIABLE = YES;
				IPHONEOS_DEPLOYMENT_TARGET = 15.1;
				LD_RUNPATH_SEARCH_PATHS = (
					/usr/lib/swift,
					"$(inherited)",
				);
				LIBRARY_SEARCH_PATHS = (
					"\"$(SDKROOT)/usr/lib/swift\"",
					"\"$(TOOLCHAIN_DIR)/usr/lib/swift/$(PLATFORM_NAME)\"",
					"\"$(inherited)\"",
				);
				MTL_ENABLE_DEBUG_INFO = YES;
				ONLY_ACTIVE_ARCH = YES;
				OTHER_CPLUSPLUSFLAGS = (
					"$(OTHER_CFLAGS)",
					"-DFOLLY_NO_CONFIG",
					"-DFOLLY_MOBILE=1",
					"-DFOLLY_USE_LIBCPP=1",
					"-DFOLLY_CFG_NO_COROUTINES=1",
					"-DFOLLY_HAVE_CLOCK_GETTIME=1",
				);
				OTHER_LDFLAGS = (
					"$(inherited)",
					" ",
				);
				REACT_NATIVE_PATH = "${PODS_ROOT}/../../node_modules/react-native";
				SDKROOT = iphoneos;
				SWIFT_ACTIVE_COMPILATION_CONDITIONS = "$(inherited) DEBUG";
				USE_HERMES = true;
			};
			name = Debug;
		};
		83CBBA211A601CBA00E9B192 /* Release */ = {
			isa = XCBuildConfiguration;
			buildSettings = {
				ALWAYS_SEARCH_USER_PATHS = NO;
				CLANG_ANALYZER_LOCALIZABILITY_NONLOCALIZED = YES;
				CLANG_CXX_LANGUAGE_STANDARD = "c++20";
				CLANG_CXX_LIBRARY = "libc++";
				CLANG_ENABLE_MODULES = YES;
				CLANG_ENABLE_OBJC_ARC = YES;
				CLANG_WARN_BLOCK_CAPTURE_AUTORELEASING = YES;
				CLANG_WARN_BOOL_CONVERSION = YES;
				CLANG_WARN_COMMA = YES;
				CLANG_WARN_CONSTANT_CONVERSION = YES;
				CLANG_WARN_DEPRECATED_OBJC_IMPLEMENTATIONS = YES;
				CLANG_WARN_DIRECT_OBJC_ISA_USAGE = YES_ERROR;
				CLANG_WARN_EMPTY_BODY = YES;
				CLANG_WARN_ENUM_CONVERSION = YES;
				CLANG_WARN_INFINITE_RECURSION = YES;
				CLANG_WARN_INT_CONVERSION = YES;
				CLANG_WARN_NON_LITERAL_NULL_CONVERSION = YES;
				CLANG_WARN_OBJC_IMPLICIT_RETAIN_SELF = YES;
				CLANG_WARN_OBJC_LITERAL_CONVERSION = YES;
				CLANG_WARN_OBJC_ROOT_CLASS = YES_ERROR;
				CLANG_WARN_QUOTED_INCLUDE_IN_FRAMEWORK_HEADER = YES;
				CLANG_WARN_RANGE_LOOP_ANALYSIS = YES;
				CLANG_WARN_STRICT_PROTOTYPES = YES;
				CLANG_WARN_SUSPICIOUS_MOVE = YES;
				CLANG_WARN_UNREACHABLE_CODE = YES;
				CLANG_WARN__DUPLICATE_METHOD_MATCH = YES;
				"CODE_SIGN_IDENTITY[sdk=iphoneos*]" = "iPhone Developer";
				COPY_PHASE_STRIP = YES;
				ENABLE_NS_ASSERTIONS = NO;
				ENABLE_STRICT_OBJC_MSGSEND = YES;
				"EXCLUDED_ARCHS[sdk=iphonesimulator*]" = "";
				GCC_C_LANGUAGE_STANDARD = gnu99;
				GCC_NO_COMMON_BLOCKS = YES;
				GCC_WARN_64_TO_32_BIT_CONVERSION = YES;
				GCC_WARN_ABOUT_RETURN_TYPE = YES_ERROR;
				GCC_WARN_UNDECLARED_SELECTOR = YES;
				GCC_WARN_UNINITIALIZED_AUTOS = YES_AGGRESSIVE;
				GCC_WARN_UNUSED_FUNCTION = YES;
				GCC_WARN_UNUSED_VARIABLE = YES;
				IPHONEOS_DEPLOYMENT_TARGET = 15.1;
				LD_RUNPATH_SEARCH_PATHS = (
					/usr/lib/swift,
					"$(inherited)",
				);
				LIBRARY_SEARCH_PATHS = (
					"\"$(SDKROOT)/usr/lib/swift\"",
					"\"$(TOOLCHAIN_DIR)/usr/lib/swift/$(PLATFORM_NAME)\"",
					"\"$(inherited)\"",
				);
				MTL_ENABLE_DEBUG_INFO = NO;
				OTHER_CPLUSPLUSFLAGS = (
					"$(OTHER_CFLAGS)",
					"-DFOLLY_NO_CONFIG",
					"-DFOLLY_MOBILE=1",
					"-DFOLLY_USE_LIBCPP=1",
					"-DFOLLY_CFG_NO_COROUTINES=1",
					"-DFOLLY_HAVE_CLOCK_GETTIME=1",
				);
				OTHER_LDFLAGS = (
					"$(inherited)",
					" ",
				);
				REACT_NATIVE_PATH = "${PODS_ROOT}/../../node_modules/react-native";
				SDKROOT = iphoneos;
				USE_HERMES = true;
				VALIDATE_PRODUCT = YES;
			};
			name = Release;
		};
/* End XCBuildConfiguration section */

/* Begin XCConfigurationList section */
		13B07F931A680F5B00A75B9A /* Build configuration list for PBXNativeTarget "EverestPackagingCorporation" */ = {
			isa = XCConfigurationList;
			buildConfigurations = (
				13B07F941A680F5B00A75B9A /* Debug */,
				13B07F951A680F5B00A75B9A /* Release */,
			);
			defaultConfigurationIsVisible = 0;
			defaultConfigurationName = Release;
		};
		83CBB9FA1A601CBA00E9B192 /* Build configuration list for PBXProject "EverestPackagingCorporation" */ = {
			isa = XCConfigurationList;
			buildConfigurations = (
				83CBBA201A601CBA00E9B192 /* Debug */,
				83CBBA211A601CBA00E9B192 /* Release */,
			);
			defaultConfigurationIsVisible = 0;
			defaultConfigurationName = Release;
		};
/* End XCConfigurationList section */
	};
	rootObject = 83CBB9F71A601CBA00E9B192 /* Project object */;
}
